
Microsoft Visual Studio Solution File, Format Version 12.00
# Visual Studio Version 17
VisualStudioVersion = 17.6.33815.320
MinimumVisualStudioVersion = 10.0.40219.1
Project("{9A19103F-16F7-4668-BE54-9A1E7A4F7556}") = "DotNet6API", "API\DotNet6API.csproj", "{5B7BDF0B-B1B1-4AFF-BF8D-0A14881C0CE4}"
EndProject
Project("{FAE04EC0-301F-11D3-BF4B-00C04F79EFBC}") = "Infrastructure", "Infrastructure\Infrastructure.csproj", "{3524E1D7-8281-460F-A0FF-38670719241D}"
EndProject
Global
	GlobalSection(SolutionConfigurationPlatforms) = preSolution
		Debug|Any CPU = Debug|Any CPU
		Release|Any CPU = Release|Any CPU
	EndGlobalSection
	GlobalSection(ProjectConfigurationPlatforms) = postSolution
		{5B7BDF0B-B1B1-4AFF-BF8D-0A14881C0CE4}.Debug|Any CPU.ActiveCfg = Debug|Any CPU
		{5B7BDF0B-B1B1-4AFF-BF8D-0A14881C0CE4}.Debug|Any CPU.Build.0 = Debug|Any CPU
		{5B7BDF0B-B1B1-4AFF-BF8D-0A14881C0CE4}.Release|Any CPU.ActiveCfg = Release|Any CPU
		{5B7BDF0B-B1B1-4AFF-BF8D-0A14881C0CE4}.Release|Any CPU.Build.0 = Release|Any CPU
		{3524E1D7-8281-460F-A0FF-38670719241D}.Debug|Any CPU.ActiveCfg = Debug|Any CPU
		{3524E1D7-8281-460F-A0FF-38670719241D}.Debug|Any CPU.Build.0 = Debug|Any CPU
		{3524E1D7-8281-460F-A0FF-38670719241D}.Release|Any CPU.ActiveCfg = Release|Any CPU
		{3524E1D7-8281-460F-A0FF-38670719241D}.Release|Any CPU.Build.0 = Release|Any CPU
	EndGlobalSection
	GlobalSection(SolutionProperties) = preSolution
		HideSolutionNode = FALSE
	EndGlobalSection
EndGlobal
